
Microsoft Visual Studio Solution File, Format Version 12.00
# Visual Studio Version 17
VisualStudioVersion = 17.6.33829.357
MinimumVisualStudioVersion = 10.0.40219.1
Project("{9A19103F-16F7-4668-BE54-9A1E7A4F7556}") = "Blockchain", "Blockchain\Blockchain.csproj", "{E9DF0489-8916-489E-BA79-5390CDA41310}"
EndProject
Project("{9A19103F-16F7-4668-BE54-9A1E7A4F7556}") = "Blockchain_Transactions_Diplom", "Blockchain_Transactions_Diplom\Blockchain_Transactions_Diplom.csproj", "{CA460730-57ED-4CE0-A121-CB7DA7D4483A}"
EndProject
Global
	GlobalSection(SolutionConfigurationPlatforms) = preSolution
		Debug|Any CPU = Debug|Any CPU
		Release|Any CPU = Release|Any CPU
	EndGlobalSection
	GlobalSection(ProjectConfigurationPlatforms) = postSolution
		{E9DF0489-8916-489E-BA79-5390CDA41310}.Debug|Any CPU.ActiveCfg = Debug|Any CPU
		{E9DF0489-8916-489E-BA79-5390CDA41310}.Debug|Any CPU.Build.0 = Debug|Any CPU
		{E9DF0489-8916-489E-BA79-5390CDA41310}.Release|Any CPU.ActiveCfg = Release|Any CPU
		{E9DF0489-8916-489E-BA79-5390CDA41310}.Release|Any CPU.Build.0 = Release|Any CPU
		{CA460730-57ED-4CE0-A121-CB7DA7D4483A}.Debug|Any CPU.ActiveCfg = Debug|Any CPU
		{CA460730-57ED-4CE0-A121-CB7DA7D4483A}.Debug|Any CPU.Build.0 = Debug|Any CPU
		{CA460730-57ED-4CE0-A121-CB7DA7D4483A}.Release|Any CPU.ActiveCfg = Release|Any CPU
		{CA460730-57ED-4CE0-A121-CB7DA7D4483A}.Release|Any CPU.Build.0 = Release|Any CPU
	EndGlobalSection
	GlobalSection(SolutionProperties) = preSolution
		HideSolutionNode = FALSE
	EndGlobalSection
	GlobalSection(ExtensibilityGlobals) = postSolution
		SolutionGuid = {438D43BD-9169-4BAC-83FC-ECBF5B575E41}
	EndGlobalSection
EndGlobal
